
Microsoft Visual Studio Solution File, Format Version 12.00
# Visual Studio Version 17
VisualStudioVersion = 17.5.33516.290
MinimumVisualStudioVersion = 10.0.40219.1
Project("{FAE04EC0-301F-11D3-BF4B-00C04F79EFBC}") = "AbsenceTrackApp", "AbsenceTrackApp\AbsenceTrackApp.csproj", "{833F1043-81BA-43EE-947E-AA0B587BA3F8}"
EndProject
Global
	GlobalSection(SolutionConfigurationPlatforms) = preSolution
		Debug|Any CPU = Debug|Any CPU
		Release|Any CPU = Release|Any CPU
	EndGlobalSection
	GlobalSection(ProjectConfigurationPlatforms) = postSolution
		{833F1043-81BA-43EE-947E-AA0B587BA3F8}.Debug|Any CPU.ActiveCfg = Debug|Any CPU
		{833F1043-81BA-43EE-947E-AA0B587BA3F8}.Debug|Any CPU.Build.0 = Debug|Any CPU
		{833F1043-81BA-43EE-947E-AA0B587BA3F8}.Release|Any CPU.ActiveCfg = Release|Any CPU
		{833F1043-81BA-43EE-947E-AA0B587BA3F8}.Release|Any CPU.Build.0 = Release|Any CPU
	EndGlobalSection
	GlobalSection(SolutionProperties) = preSolution
		HideSolutionNode = FALSE
	EndGlobalSection
	GlobalSection(ExtensibilityGlobals) = postSolution
		SolutionGuid = {AECE5D45-F342-4BAB-9B60-93CB2B787112}
	EndGlobalSection
EndGlobal
